
Microsoft Visual Studio Solution File, Format Version 12.00
Project("{FAE04EC0-301F-11D3-BF4B-00C04F79EFBC}") = "Task12", "Task12\Task12.csproj", "{2086D201-234E-4CA6-B687-CCF071371AE1}"
EndProject
Global
	GlobalSection(SolutionConfigurationPlatforms) = preSolution
		Debug|Any CPU = Debug|Any CPU
		Release|Any CPU = Release|Any CPU
	EndGlobalSection
	GlobalSection(ProjectConfigurationPlatforms) = postSolution
		{2086D201-234E-4CA6-B687-CCF071371AE1}.Debug|Any CPU.ActiveCfg = Debug|Any CPU
		{2086D201-234E-4CA6-B687-CCF071371AE1}.Debug|Any CPU.Build.0 = Debug|Any CPU
		{2086D201-234E-4CA6-B687-CCF071371AE1}.Release|Any CPU.ActiveCfg = Release|Any CPU
		{2086D201-234E-4CA6-B687-CCF071371AE1}.Release|Any CPU.Build.0 = Release|Any CPU
	EndGlobalSection
EndGlobal
